<?xml version="1.0" encoding="utf-8"?>
<Project ToolsVersion="4.0" xmlns="http://schemas.microsoft.com/developer/msbuild/2003">
  <ItemGroup>
    <ClCompile Include="Render\Camera.cpp">
      <Filter>Render</Filter>
    </ClCompile>
    <ClCompile Include="Render\Render.cpp">
      <Filter>Render</Filter>
    </ClCompile>
    <ClCompile Include="RenderUtils.cpp" />
    <ClCompile Include="main.cpp" />
    <ClCompile Include="callbacks.cpp" />
    <ClCompile Include="Vector3D.cpp" />
    <ClCompile Include="Particula.cpp" />
    <ClCompile Include="ParticleSystem.cpp" />
    <ClCompile Include="ParticleGen.cpp" />
    <ClCompile Include="GaussianGen.cpp" />
    <ClCompile Include="UniformalGen.cpp" />
    <ClCompile Include="ForceGenerator.cpp" />
    <ClCompile Include="GravityForceGenerator.cpp" />
    <ClCompile Include="ParticleForceRegistry.cpp" />
    <ClCompile Include="WindForceGenerator.cpp" />
    <ClCompile Include="FireworksParticleSystem.cpp" />
    <ClCompile Include="WhirlwindForceGenerator.cpp" />
    <ClCompile Include="FireParticleSystem.cpp" />
    <ClCompile Include="ConfettiParticleSystem.cpp" />
    <ClCompile Include="Proyectil.cpp" />
    <ClCompile Include="ProyectilSystem.cpp" />
    <ClCompile Include="Scene.cpp" />
    <ClCompile Include="SceneManager.cpp" />
    <ClCompile Include="Scene1.cpp" />
    <ClCompile Include="Scene0.cpp" />
    <ClCompile Include="Scene2.cpp" />
    <ClCompile Include="SpringForceGenerator.cpp" />
    <ClCompile Include="AnchoredSpringFG.cpp" />
    <ClCompile Include="SpringParticleSystem.cpp" />
    <ClCompile Include="BuoyancyForceGenerator.cpp" />
    <ClCompile Include="BuoyancyParticleSystem.cpp" />
    <ClCompile Include="Scene3.cpp" />
    <ClCompile Include="RigidBodySystem.cpp" />
    <ClCompile Include="ExplosionRigidBodySystem.cpp" />
    <ClCompile Include="RigidBodyGen.cpp" />
    <ClCompile Include="UniformalRigidBodyGen.cpp" />
    <ClCompile Include="DynamicObj.cpp" />
    <ClCompile Include="RigidBodyForceRegistry.cpp" />
    <ClCompile Include="SceneTrapecios.cpp" />
    <ClCompile Include="CollectibleParticleSystem.cpp" />
    <ClCompile Include="MalabaresScene.cpp" />
    <ClCompile Include="MyContactCallback.cpp" />
    <ClCompile Include="InitialMenuScene.cpp" />
  </ItemGroup>
  <ItemGroup>
    <ClInclude Include="core.hpp" />
    <ClInclude Include="Render\Camera.h">
      <Filter>Render</Filter>
    </ClInclude>
    <ClInclude Include="Render\Render.h">
      <Filter>Render</Filter>
    </ClInclude>
    <ClInclude Include="RenderUtils.hpp" />
    <ClInclude Include="callbacks.hpp" />
    <ClInclude Include="Vector3D.h" />
    <ClInclude Include="Particula.h" />
    <ClInclude Include="ParticleSystem.h" />
    <ClInclude Include="ParticleGen.h" />
    <ClInclude Include="GaussianGen.h" />
    <ClInclude Include="UniformalGen.h" />
    <ClInclude Include="ForceGenerator.h" />
    <ClInclude Include="GravityForceGenerator.h" />
    <ClInclude Include="ParticleForceRegistry.h" />
    <ClInclude Include="WindForceGenerator.h" />
    <ClInclude Include="FireworksParticleSystem.h" />
    <ClInclude Include="WhirlwindForceGenerator.h" />
    <ClInclude Include="FireParticleSystem.h" />
    <ClInclude Include="ConfettiParticleSystem.h" />
    <ClInclude Include="Proyectil.h" />
    <ClInclude Include="ProyectilSystem.h" />
    <ClInclude Include="Scene.h" />
    <ClInclude Include="SceneManager.h" />
    <ClInclude Include="Scene1.h" />
    <ClInclude Include="Scene0.h" />
    <ClInclude Include="Scene2.h" />
    <ClInclude Include="SpringForceGenerator.h" />
    <ClInclude Include="AnchoredSpringFG.h" />
    <ClInclude Include="SpringParticleSystem.h" />
    <ClInclude Include="BuoyancyForceGenerator.h" />
    <ClInclude Include="BuoyancyParticleSystem.h" />
    <ClInclude Include="Scene3.h" />
    <ClInclude Include="RigidBodySystem.h" />
    <ClInclude Include="ExplosionRigidBodySystem.h" />
    <ClInclude Include="RigidBodyGen.h" />
    <ClInclude Include="UniformalRigidBodyGen.h" />
    <ClInclude Include="DynamicObj.h" />
    <ClInclude Include="RigidBodyForceRegistry.h" />
    <ClInclude Include="SceneTrapecios.h" />
    <ClInclude Include="CollectibleParticleSystem.h" />
    <ClInclude Include="MalabaresScene.h" />
    <ClInclude Include="MyContactCallback.h" />
    <ClInclude Include="InitialMenuScene.h" />
  </ItemGroup>
  <ItemGroup>
    <Filter Include="Render">
      <UniqueIdentifier>{d04b4f9f-5a69-465e-8070-25c6d0bcd3c2}</UniqueIdentifier>
    </Filter>
  </ItemGroup>
</Project>